
Microsoft Visual Studio Solution File, Format Version 12.00
# Visual Studio 15
VisualStudioVersion = 15.0.28307.960
MinimumVisualStudioVersion = 10.0.40219.1
Project("{FAE04EC0-301F-11D3-BF4B-00C04F79EFBC}") = "AgencyVehicleTracking", "AgencyVehicleTracking\AgencyVehicleTracking.csproj", "{444AB23B-9C0B-4D9C-8E23-326303FC74B4}"
EndProject
Global
	GlobalSection(SolutionConfigurationPlatforms) = preSolution
		Debug|Any CPU = Debug|Any CPU
		Release|Any CPU = Release|Any CPU
	EndGlobalSection
	GlobalSection(ProjectConfigurationPlatforms) = postSolution
		{444AB23B-9C0B-4D9C-8E23-326303FC74B4}.Debug|Any CPU.ActiveCfg = Debug|Any CPU
		{444AB23B-9C0B-4D9C-8E23-326303FC74B4}.Debug|Any CPU.Build.0 = Debug|Any CPU
		{444AB23B-9C0B-4D9C-8E23-326303FC74B4}.Release|Any CPU.ActiveCfg = Release|Any CPU
		{444AB23B-9C0B-4D9C-8E23-326303FC74B4}.Release|Any CPU.Build.0 = Release|Any CPU
	EndGlobalSection
	GlobalSection(SolutionProperties) = preSolution
		HideSolutionNode = FALSE
	EndGlobalSection
	GlobalSection(ExtensibilityGlobals) = postSolution
		SolutionGuid = {B7948166-738E-445C-9F39-83FFE5318546}
	EndGlobalSection
EndGlobal
